
Microsoft Visual Studio Solution File, Format Version 12.00
# Visual Studio Version 16
VisualStudioVersion = 16.0.30804.86
MinimumVisualStudioVersion = 10.0.40219.1
Project("{FAE04EC0-301F-11D3-BF4B-00C04F79EFBC}") = "WebApiStructureNetCore", "WebApiStructureNetCore\WebApiStructureNetCore.csproj", "{0F0E40A4-EA83-45B7-843E-22D1EEE0D99A}"
EndProject
Global
	GlobalSection(SolutionConfigurationPlatforms) = preSolution
		Debug|Any CPU = Debug|Any CPU
		Release|Any CPU = Release|Any CPU
	EndGlobalSection
	GlobalSection(ProjectConfigurationPlatforms) = postSolution
		{0F0E40A4-EA83-45B7-843E-22D1EEE0D99A}.Debug|Any CPU.ActiveCfg = Debug|Any CPU
		{0F0E40A4-EA83-45B7-843E-22D1EEE0D99A}.Debug|Any CPU.Build.0 = Debug|Any CPU
		{0F0E40A4-EA83-45B7-843E-22D1EEE0D99A}.Release|Any CPU.ActiveCfg = Release|Any CPU
		{0F0E40A4-EA83-45B7-843E-22D1EEE0D99A}.Release|Any CPU.Build.0 = Release|Any CPU
	EndGlobalSection
	GlobalSection(SolutionProperties) = preSolution
		HideSolutionNode = FALSE
	EndGlobalSection
	GlobalSection(ExtensibilityGlobals) = postSolution
		SolutionGuid = {D6E13276-F75D-4285-B4AB-DC533E0972B7}
	EndGlobalSection
EndGlobal
